
Microsoft Visual Studio Solution File, Format Version 12.00
# Visual Studio 15
VisualStudioVersion = 15.0.28307.168
MinimumVisualStudioVersion = 10.0.40219.1
Project("{FAE04EC0-301F-11D3-BF4B-00C04F79EFBC}") = "RecolorImageExample.Android", "RecolorImageExample\RecolorImageExample.Android\RecolorImageExample.Android.csproj", "{0768C5FA-5097-44A0-AD1F-A1DFA1DB8597}"
EndProject
Project("{FAE04EC0-301F-11D3-BF4B-00C04F79EFBC}") = "RecolorImageExample.iOS", "RecolorImageExample\RecolorImageExample.iOS\RecolorImageExample.iOS.csproj", "{C6BE1F04-FADF-4281-9213-75B5BD5ADD6C}"
EndProject
Project("{FAE04EC0-301F-11D3-BF4B-00C04F79EFBC}") = "RecolorImageExample", "RecolorImageExample\RecolorImageExample\RecolorImageExample.csproj", "{BF20D583-A7F2-43AF-BFB5-3CEC3572ABB6}"
EndProject
Global
	GlobalSection(SolutionConfigurationPlatforms) = preSolution
		Ad-Hoc|Any CPU = Ad-Hoc|Any CPU
		Ad-Hoc|iPhone = Ad-Hoc|iPhone
		Ad-Hoc|iPhoneSimulator = Ad-Hoc|iPhoneSimulator
		AppStore|Any CPU = AppStore|Any CPU
		AppStore|iPhone = AppStore|iPhone
		AppStore|iPhoneSimulator = AppStore|iPhoneSimulator
		Debug|Any CPU = Debug|Any CPU
		Debug|iPhone = Debug|iPhone
		Debug|iPhoneSimulator = Debug|iPhoneSimulator
		Release|Any CPU = Release|Any CPU
		Release|iPhone = Release|iPhone
		Release|iPhoneSimulator = Release|iPhoneSimulator
	EndGlobalSection
	GlobalSection(ProjectConfigurationPlatforms) = postSolution
		{0768C5FA-5097-44A0-AD1F-A1DFA1DB8597}.Ad-Hoc|Any CPU.ActiveCfg = Release|Any CPU
		{0768C5FA-5097-44A0-AD1F-A1DFA1DB8597}.Ad-Hoc|Any CPU.Build.0 = Release|Any CPU
		{0768C5FA-5097-44A0-AD1F-A1DFA1DB8597}.Ad-Hoc|Any CPU.Deploy.0 = Release|Any CPU
		{0768C5FA-5097-44A0-AD1F-A1DFA1DB8597}.Ad-Hoc|iPhone.ActiveCfg = Release|Any CPU
		{0768C5FA-5097-44A0-AD1F-A1DFA1DB8597}.Ad-Hoc|iPhone.Build.0 = Release|Any CPU
		{0768C5FA-5097-44A0-AD1F-A1DFA1DB8597}.Ad-Hoc|iPhone.Deploy.0 = Release|Any CPU
		{0768C5FA-5097-44A0-AD1F-A1DFA1DB8597}.Ad-Hoc|iPhoneSimulator.ActiveCfg = Release|Any CPU
		{0768C5FA-5097-44A0-AD1F-A1DFA1DB8597}.Ad-Hoc|iPhoneSimulator.Build.0 = Release|Any CPU
		{0768C5FA-5097-44A0-AD1F-A1DFA1DB8597}.Ad-Hoc|iPhoneSimulator.Deploy.0 = Release|Any CPU
		{0768C5FA-5097-44A0-AD1F-A1DFA1DB8597}.AppStore|Any CPU.ActiveCfg = Release|Any CPU
		{0768C5FA-5097-44A0-AD1F-A1DFA1DB8597}.AppStore|Any CPU.Build.0 = Release|Any CPU
		{0768C5FA-5097-44A0-AD1F-A1DFA1DB8597}.AppStore|Any CPU.Deploy.0 = Release|Any CPU
		{0768C5FA-5097-44A0-AD1F-A1DFA1DB8597}.AppStore|iPhone.ActiveCfg = Release|Any CPU
		{0768C5FA-5097-44A0-AD1F-A1DFA1DB8597}.AppStore|iPhone.Build.0 = Release|Any CPU
		{0768C5FA-5097-44A0-AD1F-A1DFA1DB8597}.AppStore|iPhone.Deploy.0 = Release|Any CPU
		{0768C5FA-5097-44A0-AD1F-A1DFA1DB8597}.AppStore|iPhoneSimulator.ActiveCfg = Release|Any CPU
		{0768C5FA-5097-44A0-AD1F-A1DFA1DB8597}.AppStore|iPhoneSimulator.Build.0 = Release|Any CPU
		{0768C5FA-5097-44A0-AD1F-A1DFA1DB8597}.AppStore|iPhoneSimulator.Deploy.0 = Release|Any CPU
		{0768C5FA-5097-44A0-AD1F-A1DFA1DB8597}.Debug|Any CPU.ActiveCfg = Debug|Any CPU
		{0768C5FA-5097-44A0-AD1F-A1DFA1DB8597}.Debug|Any CPU.Build.0 = Debug|Any CPU
		{0768C5FA-5097-44A0-AD1F-A1DFA1DB8597}.Debug|Any CPU.Deploy.0 = Debug|Any CPU
		{0768C5FA-5097-44A0-AD1F-A1DFA1DB8597}.Debug|iPhone.ActiveCfg = Debug|Any CPU
		{0768C5FA-5097-44A0-AD1F-A1DFA1DB8597}.Debug|iPhone.Build.0 = Debug|Any CPU
		{0768C5FA-5097-44A0-AD1F-A1DFA1DB8597}.Debug|iPhone.Deploy.0 = Debug|Any CPU
		{0768C5FA-5097-44A0-AD1F-A1DFA1DB8597}.Debug|iPhoneSimulator.ActiveCfg = Debug|Any CPU
		{0768C5FA-5097-44A0-AD1F-A1DFA1DB8597}.Debug|iPhoneSimulator.Build.0 = Debug|Any CPU
		{0768C5FA-5097-44A0-AD1F-A1DFA1DB8597}.Debug|iPhoneSimulator.Deploy.0 = Debug|Any CPU
		{0768C5FA-5097-44A0-AD1F-A1DFA1DB8597}.Release|Any CPU.ActiveCfg = Release|Any CPU
		{0768C5FA-5097-44A0-AD1F-A1DFA1DB8597}.Release|Any CPU.Build.0 = Release|Any CPU
		{0768C5FA-5097-44A0-AD1F-A1DFA1DB8597}.Release|Any CPU.Deploy.0 = Release|Any CPU
		{0768C5FA-5097-44A0-AD1F-A1DFA1DB8597}.Release|iPhone.ActiveCfg = Release|Any CPU
		{0768C5FA-5097-44A0-AD1F-A1DFA1DB8597}.Release|iPhone.Build.0 = Release|Any CPU
		{0768C5FA-5097-44A0-AD1F-A1DFA1DB8597}.Release|iPhone.Deploy.0 = Release|Any CPU
		{0768C5FA-5097-44A0-AD1F-A1DFA1DB8597}.Release|iPhoneSimulator.ActiveCfg = Release|Any CPU
		{0768C5FA-5097-44A0-AD1F-A1DFA1DB8597}.Release|iPhoneSimulator.Build.0 = Release|Any CPU
		{0768C5FA-5097-44A0-AD1F-A1DFA1DB8597}.Release|iPhoneSimulator.Deploy.0 = Release|Any CPU
		{C6BE1F04-FADF-4281-9213-75B5BD5ADD6C}.Ad-Hoc|Any CPU.ActiveCfg = Ad-Hoc|iPhone
		{C6BE1F04-FADF-4281-9213-75B5BD5ADD6C}.Ad-Hoc|Any CPU.Build.0 = Ad-Hoc|iPhone
		{C6BE1F04-FADF-4281-9213-75B5BD5ADD6C}.Ad-Hoc|Any CPU.Deploy.0 = Ad-Hoc|iPhone
		{C6BE1F04-FADF-4281-9213-75B5BD5ADD6C}.Ad-Hoc|iPhone.ActiveCfg = Ad-Hoc|iPhone
		{C6BE1F04-FADF-4281-9213-75B5BD5ADD6C}.Ad-Hoc|iPhone.Build.0 = Ad-Hoc|iPhone
		{C6BE1F04-FADF-4281-9213-75B5BD5ADD6C}.Ad-Hoc|iPhone.Deploy.0 = Ad-Hoc|iPhone
		{C6BE1F04-FADF-4281-9213-75B5BD5ADD6C}.Ad-Hoc|iPhoneSimulator.ActiveCfg = Ad-Hoc|iPhoneSimulator
		{C6BE1F04-FADF-4281-9213-75B5BD5ADD6C}.Ad-Hoc|iPhoneSimulator.Build.0 = Ad-Hoc|iPhoneSimulator
		{C6BE1F04-FADF-4281-9213-75B5BD5ADD6C}.Ad-Hoc|iPhoneSimulator.Deploy.0 = Ad-Hoc|iPhoneSimulator
		{C6BE1F04-FADF-4281-9213-75B5BD5ADD6C}.AppStore|Any CPU.ActiveCfg = AppStore|iPhone
		{C6BE1F04-FADF-4281-9213-75B5BD5ADD6C}.AppStore|Any CPU.Build.0 = AppStore|iPhone
		{C6BE1F04-FADF-4281-9213-75B5BD5ADD6C}.AppStore|Any CPU.Deploy.0 = AppStore|iPhone
		{C6BE1F04-FADF-4281-9213-75B5BD5ADD6C}.AppStore|iPhone.ActiveCfg = AppStore|iPhone
		{C6BE1F04-FADF-4281-9213-75B5BD5ADD6C}.AppStore|iPhone.Build.0 = AppStore|iPhone
		{C6BE1F04-FADF-4281-9213-75B5BD5ADD6C}.AppStore|iPhone.Deploy.0 = AppStore|iPhone
		{C6BE1F04-FADF-4281-9213-75B5BD5ADD6C}.AppStore|iPhoneSimulator.ActiveCfg = AppStore|iPhoneSimulator
		{C6BE1F04-FADF-4281-9213-75B5BD5ADD6C}.AppStore|iPhoneSimulator.Build.0 = AppStore|iPhoneSimulator
		{C6BE1F04-FADF-4281-9213-75B5BD5ADD6C}.AppStore|iPhoneSimulator.Deploy.0 = AppStore|iPhoneSimulator
		{C6BE1F04-FADF-4281-9213-75B5BD5ADD6C}.Debug|Any CPU.ActiveCfg = Debug|iPhoneSimulator
		{C6BE1F04-FADF-4281-9213-75B5BD5ADD6C}.Debug|Any CPU.Build.0 = Debug|iPhoneSimulator
		{C6BE1F04-FADF-4281-9213-75B5BD5ADD6C}.Debug|Any CPU.Deploy.0 = Debug|iPhoneSimulator
		{C6BE1F04-FADF-4281-9213-75B5BD5ADD6C}.Debug|iPhone.ActiveCfg = Debug|iPhone
		{C6BE1F04-FADF-4281-9213-75B5BD5ADD6C}.Debug|iPhone.Build.0 = Debug|iPhone
		{C6BE1F04-FADF-4281-9213-75B5BD5ADD6C}.Debug|iPhone.Deploy.0 = Debug|iPhone
		{C6BE1F04-FADF-4281-9213-75B5BD5ADD6C}.Debug|iPhoneSimulator.ActiveCfg = Debug|iPhoneSimulator
		{C6BE1F04-FADF-4281-9213-75B5BD5ADD6C}.Debug|iPhoneSimulator.Build.0 = Debug|iPhoneSimulator
		{C6BE1F04-FADF-4281-9213-75B5BD5ADD6C}.Debug|iPhoneSimulator.Deploy.0 = Debug|iPhoneSimulator
		{C6BE1F04-FADF-4281-9213-75B5BD5ADD6C}.Release|Any CPU.ActiveCfg = Release|iPhone
		{C6BE1F04-FADF-4281-9213-75B5BD5ADD6C}.Release|Any CPU.Build.0 = Release|iPhone
		{C6BE1F04-FADF-4281-9213-75B5BD5ADD6C}.Release|Any CPU.Deploy.0 = Release|iPhone
		{C6BE1F04-FADF-4281-9213-75B5BD5ADD6C}.Release|iPhone.ActiveCfg = Release|iPhone
		{C6BE1F04-FADF-4281-9213-75B5BD5ADD6C}.Release|iPhone.Build.0 = Release|iPhone
		{C6BE1F04-FADF-4281-9213-75B5BD5ADD6C}.Release|iPhone.Deploy.0 = Release|iPhone
		{C6BE1F04-FADF-4281-9213-75B5BD5ADD6C}.Release|iPhoneSimulator.ActiveCfg = Release|iPhoneSimulator
		{C6BE1F04-FADF-4281-9213-75B5BD5ADD6C}.Release|iPhoneSimulator.Build.0 = Release|iPhoneSimulator
		{C6BE1F04-FADF-4281-9213-75B5BD5ADD6C}.Release|iPhoneSimulator.Deploy.0 = Release|iPhoneSimulator
		{BF20D583-A7F2-43AF-BFB5-3CEC3572ABB6}.Ad-Hoc|Any CPU.ActiveCfg = Debug|Any CPU
		{BF20D583-A7F2-43AF-BFB5-3CEC3572ABB6}.Ad-Hoc|Any CPU.Build.0 = Debug|Any CPU
		{BF20D583-A7F2-43AF-BFB5-3CEC3572ABB6}.Ad-Hoc|Any CPU.Deploy.0 = Debug|Any CPU
		{BF20D583-A7F2-43AF-BFB5-3CEC3572ABB6}.Ad-Hoc|iPhone.ActiveCfg = Debug|Any CPU
		{BF20D583-A7F2-43AF-BFB5-3CEC3572ABB6}.Ad-Hoc|iPhone.Build.0 = Debug|Any CPU
		{BF20D583-A7F2-43AF-BFB5-3CEC3572ABB6}.Ad-Hoc|iPhone.Deploy.0 = Debug|Any CPU
		{BF20D583-A7F2-43AF-BFB5-3CEC3572ABB6}.Ad-Hoc|iPhoneSimulator.ActiveCfg = Debug|Any CPU
		{BF20D583-A7F2-43AF-BFB5-3CEC3572ABB6}.Ad-Hoc|iPhoneSimulator.Build.0 = Debug|Any CPU
		{BF20D583-A7F2-43AF-BFB5-3CEC3572ABB6}.Ad-Hoc|iPhoneSimulator.Deploy.0 = Debug|Any CPU
		{BF20D583-A7F2-43AF-BFB5-3CEC3572ABB6}.AppStore|Any CPU.ActiveCfg = Debug|Any CPU
		{BF20D583-A7F2-43AF-BFB5-3CEC3572ABB6}.AppStore|Any CPU.Build.0 = Debug|Any CPU
		{BF20D583-A7F2-43AF-BFB5-3CEC3572ABB6}.AppStore|Any CPU.Deploy.0 = Debug|Any CPU
		{BF20D583-A7F2-43AF-BFB5-3CEC3572ABB6}.AppStore|iPhone.ActiveCfg = Debug|Any CPU
		{BF20D583-A7F2-43AF-BFB5-3CEC3572ABB6}.AppStore|iPhone.Build.0 = Debug|Any CPU
		{BF20D583-A7F2-43AF-BFB5-3CEC3572ABB6}.AppStore|iPhone.Deploy.0 = Debug|Any CPU
		{BF20D583-A7F2-43AF-BFB5-3CEC3572ABB6}.AppStore|iPhoneSimulator.ActiveCfg = Debug|Any CPU
		{BF20D583-A7F2-43AF-BFB5-3CEC3572ABB6}.AppStore|iPhoneSimulator.Build.0 = Debug|Any CPU
		{BF20D583-A7F2-43AF-BFB5-3CEC3572ABB6}.AppStore|iPhoneSimulator.Deploy.0 = Debug|Any CPU
		{BF20D583-A7F2-43AF-BFB5-3CEC3572ABB6}.Debug|Any CPU.ActiveCfg = Debug|Any CPU
		{BF20D583-A7F2-43AF-BFB5-3CEC3572ABB6}.Debug|Any CPU.Build.0 = Debug|Any CPU
		{BF20D583-A7F2-43AF-BFB5-3CEC3572ABB6}.Debug|Any CPU.Deploy.0 = Debug|Any CPU
		{BF20D583-A7F2-43AF-BFB5-3CEC3572ABB6}.Debug|iPhone.ActiveCfg = Debug|Any CPU
		{BF20D583-A7F2-43AF-BFB5-3CEC3572ABB6}.Debug|iPhone.Build.0 = Debug|Any CPU
		{BF20D583-A7F2-43AF-BFB5-3CEC3572ABB6}.Debug|iPhone.Deploy.0 = Debug|Any CPU
		{BF20D583-A7F2-43AF-BFB5-3CEC3572ABB6}.Debug|iPhoneSimulator.ActiveCfg = Debug|Any CPU
		{BF20D583-A7F2-43AF-BFB5-3CEC3572ABB6}.Debug|iPhoneSimulator.Build.0 = Debug|Any CPU
		{BF20D583-A7F2-43AF-BFB5-3CEC3572ABB6}.Debug|iPhoneSimulator.Deploy.0 = Debug|Any CPU
		{BF20D583-A7F2-43AF-BFB5-3CEC3572ABB6}.Release|Any CPU.ActiveCfg = Release|Any CPU
		{BF20D583-A7F2-43AF-BFB5-3CEC3572ABB6}.Release|Any CPU.Build.0 = Release|Any CPU
		{BF20D583-A7F2-43AF-BFB5-3CEC3572ABB6}.Release|Any CPU.Deploy.0 = Release|Any CPU
		{BF20D583-A7F2-43AF-BFB5-3CEC3572ABB6}.Release|iPhone.ActiveCfg = Release|Any CPU
		{BF20D583-A7F2-43AF-BFB5-3CEC3572ABB6}.Release|iPhone.Build.0 = Release|Any CPU
		{BF20D583-A7F2-43AF-BFB5-3CEC3572ABB6}.Release|iPhone.Deploy.0 = Release|Any CPU
		{BF20D583-A7F2-43AF-BFB5-3CEC3572ABB6}.Release|iPhoneSimulator.ActiveCfg = Release|Any CPU
		{BF20D583-A7F2-43AF-BFB5-3CEC3572ABB6}.Release|iPhoneSimulator.Build.0 = Release|Any CPU
		{BF20D583-A7F2-43AF-BFB5-3CEC3572ABB6}.Release|iPhoneSimulator.Deploy.0 = Release|Any CPU
	EndGlobalSection
	GlobalSection(SolutionProperties) = preSolution
		HideSolutionNode = FALSE
	EndGlobalSection
	GlobalSection(ExtensibilityGlobals) = postSolution
		SolutionGuid = {B80CCE94-8EAC-4D92-822C-E76F50BEE33E}
	EndGlobalSection
EndGlobal
